
Microsoft Visual Studio Solution File, Format Version 12.00
# Visual Studio Version 16
VisualStudioVersion = 16.0.32106.194
MinimumVisualStudioVersion = 10.0.40219.1
Project("{9A19103F-16F7-4668-BE54-9A1E7A4F7556}") = "ASPNETCoreWebAPI_CRUD", "ASPNETCoreWebAPI-React\ASPNETCoreWebAPI_CRUD.csproj", "{FED06EB7-D258-44D2-B057-6666EEE22B84}"
EndProject
Global
	GlobalSection(SolutionConfigurationPlatforms) = preSolution
		Debug|Any CPU = Debug|Any CPU
		Release|Any CPU = Release|Any CPU
	EndGlobalSection
	GlobalSection(ProjectConfigurationPlatforms) = postSolution
		{FED06EB7-D258-44D2-B057-6666EEE22B84}.Debug|Any CPU.ActiveCfg = Debug|Any CPU
		{FED06EB7-D258-44D2-B057-6666EEE22B84}.Debug|Any CPU.Build.0 = Debug|Any CPU
		{FED06EB7-D258-44D2-B057-6666EEE22B84}.Release|Any CPU.ActiveCfg = Release|Any CPU
		{FED06EB7-D258-44D2-B057-6666EEE22B84}.Release|Any CPU.Build.0 = Release|Any CPU
	EndGlobalSection
	GlobalSection(SolutionProperties) = preSolution
		HideSolutionNode = FALSE
	EndGlobalSection
	GlobalSection(ExtensibilityGlobals) = postSolution
		SolutionGuid = {EBE4002A-9228-417A-9859-8B1FE5147447}
	EndGlobalSection
EndGlobal
